<?xml version="1.0" encoding="utf-8"?>
<Project ToolsVersion="4.0" xmlns="http://schemas.microsoft.com/developer/msbuild/2003">
  <ItemGroup>
    <Filter Include="Исходные файлы">
      <UniqueIdentifier>{4FC737F1-C7A5-4376-A066-2A32D752A2FF}</UniqueIdentifier>
      <Extensions>cpp;c;cc;cxx;c++;cppm;ixx;def;odl;idl;hpj;bat;asm;asmx</Extensions>
    </Filter>
    <Filter Include="Файлы заголовков">
      <UniqueIdentifier>{93995380-89BD-4b04-88EB-625FBE52EBFB}</UniqueIdentifier>
      <Extensions>h;hh;hpp;hxx;h++;hm;inl;inc;ipp;xsd</Extensions>
    </Filter>
    <Filter Include="Файлы ресурсов">
      <UniqueIdentifier>{67DA6AB6-F800-4c08-8B7A-83BB121AAD01}</UniqueIdentifier>
      <Extensions>rc;ico;cur;bmp;dlg;rc2;rct;bin;rgs;gif;jpg;jpeg;jpe;resx;tiff;tif;png;wav;mfcribbon-ms</Extensions>
    </Filter>
    <Filter Include="Исходные файлы\1">
      <UniqueIdentifier>{7c3f99b7-a7b3-4ba4-a14a-f7c342bd3f6d}</UniqueIdentifier>
    </Filter>
    <Filter Include="Исходные файлы\1\shaders">
      <UniqueIdentifier>{99a8480c-07f8-4ea7-974a-8d41792506c3}</UniqueIdentifier>
    </Filter>
  </ItemGroup>
  <ItemGroup>
    <ClCompile Include="1\main.cpp">
      <Filter>Исходные файлы\1</Filter>
    </ClCompile>
  </ItemGroup>
  <ItemGroup>
    <None Include="1\shaders\compile.bat">
      <Filter>Исходные файлы\1\shaders</Filter>
    </None>
    <None Include="1\shaders\shaderP1.frag">
      <Filter>Исходные файлы\1\shaders</Filter>
    </None>
    <None Include="1\shaders\shaderP1.vert">
      <Filter>Исходные файлы\1\shaders</Filter>
    </None>
    <None Include="1\shaders\hg_sdf.glsl">
      <Filter>Исходные файлы\1\shaders</Filter>
    </None>
  </ItemGroup>
</Project>